
Microsoft Visual Studio Solution File, Format Version 12.00
# Visual Studio Version 17
VisualStudioVersion = 17.5.33627.172
MinimumVisualStudioVersion = 10.0.40219.1
Project("{FAE04EC0-301F-11D3-BF4B-00C04F79EFBC}") = "Practica_2_2nd", "Practica 2 2nd\Practica_2_2nd.csproj", "{B75B3B09-3748-492B-8A96-3DF6B4681328}"
EndProject
Global
	GlobalSection(SolutionConfigurationPlatforms) = preSolution
		Debug|Any CPU = Debug|Any CPU
		Release|Any CPU = Release|Any CPU
	EndGlobalSection
	GlobalSection(ProjectConfigurationPlatforms) = postSolution
		{B75B3B09-3748-492B-8A96-3DF6B4681328}.Debug|Any CPU.ActiveCfg = Debug|Any CPU
		{B75B3B09-3748-492B-8A96-3DF6B4681328}.Debug|Any CPU.Build.0 = Debug|Any CPU
		{B75B3B09-3748-492B-8A96-3DF6B4681328}.Release|Any CPU.ActiveCfg = Release|Any CPU
		{B75B3B09-3748-492B-8A96-3DF6B4681328}.Release|Any CPU.Build.0 = Release|Any CPU
	EndGlobalSection
	GlobalSection(SolutionProperties) = preSolution
		HideSolutionNode = FALSE
	EndGlobalSection
	GlobalSection(ExtensibilityGlobals) = postSolution
		SolutionGuid = {1060F79F-B70A-428C-958D-A515E2AED1C7}
	EndGlobalSection
EndGlobal
